
Microsoft Visual Studio Solution File, Format Version 12.00
# Visual Studio Version 17
VisualStudioVersion = 17.9.34723.18
MinimumVisualStudioVersion = 10.0.40219.1
Project("{FAE04EC0-301F-11D3-BF4B-00C04F79EFBC}") = "WebSuit", "Server/WebSuit.csproj", "{43E68054-3D38-4BE6-BDFE-2302089AB767}"
EndProject
Project("{FAE04EC0-301F-11D3-BF4B-00C04F79EFBC}") = "Core", "Core\Core.csproj", "{53DFB5C7-833A-4E6C-B5CA-EC68F84FCF91}"
EndProject
Project("{FAE04EC0-301F-11D3-BF4B-00C04F79EFBC}") = "DemoProvider", "DemoProvider\DemoProvider.csproj", "{D0E302D2-B916-4DBF-A77D-144CC083B67D}"
EndProject
Project("{FAE04EC0-301F-11D3-BF4B-00C04F79EFBC}") = "Crypto", "Crypto\Crypto.csproj", "{471042E6-9A8E-47E5-82E1-883EC7EB4D11}"
EndProject
Project("{FAE04EC0-301F-11D3-BF4B-00C04F79EFBC}") = "DemoConsumer", "DemoConsumer\DemoConsumer.csproj", "{41035F75-12B5-4413-90EA-363B9FF53F63}"
EndProject
Global
	GlobalSection(SolutionConfigurationPlatforms) = preSolution
		Debug|Any CPU = Debug|Any CPU
		Release|Any CPU = Release|Any CPU
	EndGlobalSection
	GlobalSection(ProjectConfigurationPlatforms) = postSolution
		{43E68054-3D38-4BE6-BDFE-2302089AB767}.Debug|Any CPU.ActiveCfg = Debug|Any CPU
		{43E68054-3D38-4BE6-BDFE-2302089AB767}.Debug|Any CPU.Build.0 = Debug|Any CPU
		{43E68054-3D38-4BE6-BDFE-2302089AB767}.Release|Any CPU.ActiveCfg = Release|Any CPU
		{43E68054-3D38-4BE6-BDFE-2302089AB767}.Release|Any CPU.Build.0 = Release|Any CPU
		{53DFB5C7-833A-4E6C-B5CA-EC68F84FCF91}.Debug|Any CPU.ActiveCfg = Debug|Any CPU
		{53DFB5C7-833A-4E6C-B5CA-EC68F84FCF91}.Debug|Any CPU.Build.0 = Debug|Any CPU
		{53DFB5C7-833A-4E6C-B5CA-EC68F84FCF91}.Release|Any CPU.ActiveCfg = Release|Any CPU
		{53DFB5C7-833A-4E6C-B5CA-EC68F84FCF91}.Release|Any CPU.Build.0 = Release|Any CPU
		{D0E302D2-B916-4DBF-A77D-144CC083B67D}.Debug|Any CPU.ActiveCfg = Debug|Any CPU
		{D0E302D2-B916-4DBF-A77D-144CC083B67D}.Debug|Any CPU.Build.0 = Debug|Any CPU
		{D0E302D2-B916-4DBF-A77D-144CC083B67D}.Release|Any CPU.ActiveCfg = Release|Any CPU
		{D0E302D2-B916-4DBF-A77D-144CC083B67D}.Release|Any CPU.Build.0 = Release|Any CPU
		{471042E6-9A8E-47E5-82E1-883EC7EB4D11}.Debug|Any CPU.ActiveCfg = Debug|Any CPU
		{471042E6-9A8E-47E5-82E1-883EC7EB4D11}.Debug|Any CPU.Build.0 = Debug|Any CPU
		{471042E6-9A8E-47E5-82E1-883EC7EB4D11}.Release|Any CPU.ActiveCfg = Release|Any CPU
		{471042E6-9A8E-47E5-82E1-883EC7EB4D11}.Release|Any CPU.Build.0 = Release|Any CPU
		{41035F75-12B5-4413-90EA-363B9FF53F63}.Debug|Any CPU.ActiveCfg = Debug|Any CPU
		{41035F75-12B5-4413-90EA-363B9FF53F63}.Debug|Any CPU.Build.0 = Debug|Any CPU
		{41035F75-12B5-4413-90EA-363B9FF53F63}.Release|Any CPU.ActiveCfg = Release|Any CPU
		{41035F75-12B5-4413-90EA-363B9FF53F63}.Release|Any CPU.Build.0 = Release|Any CPU
	EndGlobalSection
	GlobalSection(SolutionProperties) = preSolution
		HideSolutionNode = FALSE
	EndGlobalSection
	GlobalSection(ExtensibilityGlobals) = postSolution
		SolutionGuid = {1012BB0C-2E41-4F11-809E-9B273014002C}
	EndGlobalSection
EndGlobal
